{
  "name": "callforhelp",
  "lockfileVersion": 2,
  "requires": true,
  "packages": {
    "": {
      "dependencies": {
        "use-detect-keyboard-open": "^0.4.0"
      }
    },
    "node_modules/use-detect-keyboard-open": {
      "version": "0.4.0",
      "resolved": "https://registry.npmjs.org/use-detect-keyboard-open/-/use-detect-keyboard-open-0.4.0.tgz",
      "integrity": "sha512-g26dzEDF9qh1VSwYT7ILOdzS0v9xPo5IF3R804HksW+NAOiNd2P2KYrmTfd/5ApfYixlrX2P7+PlsEgAx/lZ6w=="
    }
  },
  "dependencies": {
    "use-detect-keyboard-open": {
      "version": "0.4.0",
      "resolved": "https://registry.npmjs.org/use-detect-keyboard-open/-/use-detect-keyboard-open-0.4.0.tgz",
      "integrity": "sha512-g26dzEDF9qh1VSwYT7ILOdzS0v9xPo5IF3R804HksW+NAOiNd2P2KYrmTfd/5ApfYixlrX2P7+PlsEgAx/lZ6w=="
    }
  }
}
